<?xml version="1.0" encoding="utf-8"?>
<Project ToolsVersion="4.0" xmlns="http://schemas.microsoft.com/developer/msbuild/2003">
  <ItemGroup>
    <Filter Include="Source Files">
      <UniqueIdentifier>{4FC737F1-C7A5-4376-A066-2A32D752A2FF}</UniqueIdentifier>
      <Extensions>cpp;c;cc;cxx;def;odl;idl;hpj;bat;asm;asmx</Extensions>
    </Filter>
    <Filter Include="Header Files">
      <UniqueIdentifier>{93995380-89BD-4b04-88EB-625FBE52EBFB}</UniqueIdentifier>
      <Extensions>h;hpp;hxx;hm;inl;inc;xsd</Extensions>
    </Filter>
    <Filter Include="Resource Files">
      <UniqueIdentifier>{67DA6AB6-F800-4c08-8B7A-83BB121AAD01}</UniqueIdentifier>
      <Extensions>rc;ico;cur;bmp;dlg;rc2;rct;bin;rgs;gif;jpg;jpeg;jpe;resx;tiff;tif;png;wav;mfcribbon-ms</Extensions>
    </Filter>
    <Filter Include="CTPApi">
      <UniqueIdentifier>{01ad3df4-6690-4299-a505-0cc44e26d01c}</UniqueIdentifier>
    </Filter>
  </ItemGroup>
  <ItemGroup>
    <ClInclude Include="Stdafx.h">
      <Filter>Header Files</Filter>
    </ClInclude>
    <ClInclude Include="resource.h">
      <Filter>Header Files</Filter>
    </ClInclude>
    <ClInclude Include="CTPApi\ThostFtdcMdApi.h">
      <Filter>CTPApi</Filter>
    </ClInclude>
    <ClInclude Include="CTPApi\ThostFtdcTraderApi.h">
      <Filter>CTPApi</Filter>
    </ClInclude>
    <ClInclude Include="CTPApi\ThostFtdcUserApiDataType.h">
      <Filter>CTPApi</Filter>
    </ClInclude>
    <ClInclude Include="CTPApi\ThostFtdcUserApiStruct.h">
      <Filter>CTPApi</Filter>
    </ClInclude>
    <ClInclude Include="QuoteProxy.h">
      <Filter>Header Files</Filter>
    </ClInclude>
    <ClInclude Include="QuoteMdSpi.h">
      <Filter>Header Files</Filter>
    </ClInclude>
    <ClInclude Include="TraderSpi.h">
      <Filter>Header Files</Filter>
    </ClInclude>
    <ClInclude Include="TraderProxy.h">
      <Filter>Header Files</Filter>
    </ClInclude>
  </ItemGroup>
  <ItemGroup>
    <ClCompile Include="AssemblyInfo.cpp">
      <Filter>Source Files</Filter>
    </ClCompile>
    <ClCompile Include="Stdafx.cpp">
      <Filter>Source Files</Filter>
    </ClCompile>
    <ClCompile Include="QuoteProxy.cpp">
      <Filter>Source Files</Filter>
    </ClCompile>
    <ClCompile Include="TraderProxy.cpp">
      <Filter>Source Files</Filter>
    </ClCompile>
  </ItemGroup>
  <ItemGroup>
    <None Include="ReadMe.txt" />
    <None Include="app.ico">
      <Filter>Resource Files</Filter>
    </None>
  </ItemGroup>
  <ItemGroup>
    <ResourceCompile Include="app.rc">
      <Filter>Resource Files</Filter>
    </ResourceCompile>
  </ItemGroup>
  <ItemGroup>
    <Library Include="CTPApi\thostmduserapi.lib">
      <Filter>CTPApi</Filter>
    </Library>
    <Library Include="CTPApi\thosttraderapi.lib">
      <Filter>CTPApi</Filter>
    </Library>
  </ItemGroup>
</Project>